
Microsoft Visual Studio Solution File, Format Version 12.00
# Visual Studio Version 16
VisualStudioVersion = 16.0.30011.22
MinimumVisualStudioVersion = 10.0.40219.1
Project("{FAE04EC0-301F-11D3-BF4B-00C04F79EFBC}") = "ProgLab 6.1", "ProgLab 6.1\ProgLab 6.1.csproj", "{F8ECEF78-6F44-4BFA-A916-5411B1AE2A86}"
EndProject
Global
	GlobalSection(SolutionConfigurationPlatforms) = preSolution
		Debug|Any CPU = Debug|Any CPU
		Release|Any CPU = Release|Any CPU
	EndGlobalSection
	GlobalSection(ProjectConfigurationPlatforms) = postSolution
		{F8ECEF78-6F44-4BFA-A916-5411B1AE2A86}.Debug|Any CPU.ActiveCfg = Debug|Any CPU
		{F8ECEF78-6F44-4BFA-A916-5411B1AE2A86}.Debug|Any CPU.Build.0 = Debug|Any CPU
		{F8ECEF78-6F44-4BFA-A916-5411B1AE2A86}.Release|Any CPU.ActiveCfg = Release|Any CPU
		{F8ECEF78-6F44-4BFA-A916-5411B1AE2A86}.Release|Any CPU.Build.0 = Release|Any CPU
	EndGlobalSection
	GlobalSection(SolutionProperties) = preSolution
		HideSolutionNode = FALSE
	EndGlobalSection
	GlobalSection(ExtensibilityGlobals) = postSolution
		SolutionGuid = {52B2AF29-833C-4E73-949B-6B1F52C4CB0E}
	EndGlobalSection
EndGlobal
